lockfileVersion: 5.3

specifiers:
  '@types/offscreencanvas': ^2019.7.0

devDependencies:
  '@types/offscreencanvas': 2019.7.0

packages:

  /@types/offscreencanvas/2019.7.0:
    resolution: {integrity: sha512-PGcyveRIpL1XIqK8eBsmRBt76eFgtzuPiSTyKHZxnGemp2yzGzWpjYKAfK3wIMiU7eH+851yEpiuP8JZerTmWg==}
    dev: true
